{
  "name": "chessanalysis",
  "version": "0.1.0",
  "lockfileVersion": 3,
  "requires": true,
  "packages": {
    "": {
      "name": "chessanalysis",
      "version": "0.1.0",
      "dependencies": {
        "chess.js": "^1.0.0-beta.6"
      }
    },
    "node_modules/chess.js": {
      "version": "1.0.0-beta.6",
      "resolved": "https://registry.npmjs.org/chess.js/-/chess.js-1.0.0-beta.6.tgz",
      "integrity": "sha512-sqBfX1VL3csSyqVM5ogbKA+aRlZyWDh276ruWXphwI0lDUMs7iYjZs29BOi49f7mXeunJE7cdfnIZhihsyLnsA=="
    }
  }
}
